
Microsoft Visual Studio Solution File, Format Version 12.00
# Visual Studio Version 16
VisualStudioVersion = 16.0.32510.428
MinimumVisualStudioVersion = 10.0.40219.1
Project("{FAE04EC0-301F-11D3-BF4B-00C04F79EFBC}") = "TrabajoIntegrador3", "TrabajoIntegrador3\TrabajoIntegrador3.csproj", "{2F550387-DC6D-4B18-BB28-CA03E1FCCEFF}"
EndProject
Global
	GlobalSection(SolutionConfigurationPlatforms) = preSolution
		Debug|Any CPU = Debug|Any CPU
		Release|Any CPU = Release|Any CPU
	EndGlobalSection
	GlobalSection(ProjectConfigurationPlatforms) = postSolution
		{2F550387-DC6D-4B18-BB28-CA03E1FCCEFF}.Debug|Any CPU.ActiveCfg = Debug|Any CPU
		{2F550387-DC6D-4B18-BB28-CA03E1FCCEFF}.Debug|Any CPU.Build.0 = Debug|Any CPU
		{2F550387-DC6D-4B18-BB28-CA03E1FCCEFF}.Release|Any CPU.ActiveCfg = Release|Any CPU
		{2F550387-DC6D-4B18-BB28-CA03E1FCCEFF}.Release|Any CPU.Build.0 = Release|Any CPU
	EndGlobalSection
	GlobalSection(SolutionProperties) = preSolution
		HideSolutionNode = FALSE
	EndGlobalSection
	GlobalSection(ExtensibilityGlobals) = postSolution
		SolutionGuid = {CDF709B8-7BFE-4568-AB36-7393BD89A291}
	EndGlobalSection
EndGlobal
